
Microsoft Visual Studio Solution File, Format Version 12.00
# Visual Studio 15
VisualStudioVersion = 15.0.27703.2026
MinimumVisualStudioVersion = 10.0.40219.1
Project("{FAE04EC0-301F-11D3-BF4B-00C04F79EFBC}") = "OCP", "ConsoleApp4\OCP.csproj", "{38D11015-FD50-4A21-A683-2FA8365B45F3}"
EndProject
Global
	GlobalSection(SolutionConfigurationPlatforms) = preSolution
		Debug|Any CPU = Debug|Any CPU
		Release|Any CPU = Release|Any CPU
	EndGlobalSection
	GlobalSection(ProjectConfigurationPlatforms) = postSolution
		{38D11015-FD50-4A21-A683-2FA8365B45F3}.Debug|Any CPU.ActiveCfg = Debug|Any CPU
		{38D11015-FD50-4A21-A683-2FA8365B45F3}.Debug|Any CPU.Build.0 = Debug|Any CPU
		{38D11015-FD50-4A21-A683-2FA8365B45F3}.Release|Any CPU.ActiveCfg = Release|Any CPU
		{38D11015-FD50-4A21-A683-2FA8365B45F3}.Release|Any CPU.Build.0 = Release|Any CPU
	EndGlobalSection
	GlobalSection(SolutionProperties) = preSolution
		HideSolutionNode = FALSE
	EndGlobalSection
	GlobalSection(ExtensibilityGlobals) = postSolution
		SolutionGuid = {49027B93-09A0-4DA1-9900-8DEA0D5B244B}
	EndGlobalSection
EndGlobal
